
Microsoft Visual Studio Solution File, Format Version 12.00
# Visual Studio Version 17
VisualStudioVersion = 17.8.34330.188
MinimumVisualStudioVersion = 10.0.40219.1
Project("{FAE04EC0-301F-11D3-BF4B-00C04F79EFBC}") = "Volkswagen.Dashboard.WebApi", "Volkswagen.Dashboard.WebApi\Volkswagen.Dashboard.WebApi.csproj", "{224A39C8-2277-4360-A17E-4D48C4433397}"
EndProject
Project("{FAE04EC0-301F-11D3-BF4B-00C04F79EFBC}") = "Volkswagen.Dashboard.Services", "Volkswagen.Dashboard.Services\Volkswagen.Dashboard.Services.csproj", "{95889023-F18F-4DC2-94BD-8570E912B278}"
EndProject
Global
	GlobalSection(SolutionConfigurationPlatforms) = preSolution
		Debug|Any CPU = Debug|Any CPU
		Release|Any CPU = Release|Any CPU
	EndGlobalSection
	GlobalSection(ProjectConfigurationPlatforms) = postSolution
		{224A39C8-2277-4360-A17E-4D48C4433397}.Debug|Any CPU.ActiveCfg = Debug|Any CPU
		{224A39C8-2277-4360-A17E-4D48C4433397}.Debug|Any CPU.Build.0 = Debug|Any CPU
		{224A39C8-2277-4360-A17E-4D48C4433397}.Release|Any CPU.ActiveCfg = Release|Any CPU
		{224A39C8-2277-4360-A17E-4D48C4433397}.Release|Any CPU.Build.0 = Release|Any CPU
		{95889023-F18F-4DC2-94BD-8570E912B278}.Debug|Any CPU.ActiveCfg = Debug|Any CPU
		{95889023-F18F-4DC2-94BD-8570E912B278}.Debug|Any CPU.Build.0 = Debug|Any CPU
		{95889023-F18F-4DC2-94BD-8570E912B278}.Release|Any CPU.ActiveCfg = Release|Any CPU
		{95889023-F18F-4DC2-94BD-8570E912B278}.Release|Any CPU.Build.0 = Release|Any CPU
	EndGlobalSection
	GlobalSection(SolutionProperties) = preSolution
		HideSolutionNode = FALSE
	EndGlobalSection
	GlobalSection(ExtensibilityGlobals) = postSolution
		SolutionGuid = {C6CABFAE-D6E9-4E25-AB10-4165FDDFCC90}
	EndGlobalSection
EndGlobal
